
Microsoft Visual Studio Solution File, Format Version 12.00
# Visual Studio Version 16
VisualStudioVersion = 16.0.30330.147
MinimumVisualStudioVersion = 10.0.40219.1
Project("{FAE04EC0-301F-11D3-BF4B-00C04F79EFBC}") = "WFTask1", "WFTask1\WFTask1.csproj", "{7FD2CD61-8073-45F1-AE5D-8F07125A84F2}"
EndProject
Global
	GlobalSection(SolutionConfigurationPlatforms) = preSolution
		Debug|Any CPU = Debug|Any CPU
		Release|Any CPU = Release|Any CPU
	EndGlobalSection
	GlobalSection(ProjectConfigurationPlatforms) = postSolution
		{7FD2CD61-8073-45F1-AE5D-8F07125A84F2}.Debug|Any CPU.ActiveCfg = Debug|Any CPU
		{7FD2CD61-8073-45F1-AE5D-8F07125A84F2}.Debug|Any CPU.Build.0 = Debug|Any CPU
		{7FD2CD61-8073-45F1-AE5D-8F07125A84F2}.Release|Any CPU.ActiveCfg = Release|Any CPU
		{7FD2CD61-8073-45F1-AE5D-8F07125A84F2}.Release|Any CPU.Build.0 = Release|Any CPU
	EndGlobalSection
	GlobalSection(SolutionProperties) = preSolution
		HideSolutionNode = FALSE
	EndGlobalSection
	GlobalSection(ExtensibilityGlobals) = postSolution
		SolutionGuid = {73214B33-235C-4328-B4B9-5113479F2691}
	EndGlobalSection
EndGlobal
